
Microsoft Visual Studio Solution File, Format Version 12.00
# Visual Studio Version 17
VisualStudioVersion = 17.2.32630.192
MinimumVisualStudioVersion = 10.0.40219.1
Project("{FAE04EC0-301F-11D3-BF4B-00C04F79EFBC}") = "PasswordManager-App", "PasswordManager-App\PasswordManager-App.csproj", "{EAD48271-1B33-4DD8-9514-B3328EDA7E40}"
EndProject
Project("{FAE04EC0-301F-11D3-BF4B-00C04F79EFBC}") = "BankTests", "BankTests\BankTests.csproj", "{48807D98-995C-467E-89F1-6EE5E631C4AE}"
EndProject
Global
	GlobalSection(SolutionConfigurationPlatforms) = preSolution
		Debug|Any CPU = Debug|Any CPU
		Release|Any CPU = Release|Any CPU
	EndGlobalSection
	GlobalSection(ProjectConfigurationPlatforms) = postSolution
		{EAD48271-1B33-4DD8-9514-B3328EDA7E40}.Debug|Any CPU.ActiveCfg = Debug|Any CPU
		{EAD48271-1B33-4DD8-9514-B3328EDA7E40}.Debug|Any CPU.Build.0 = Debug|Any CPU
		{EAD48271-1B33-4DD8-9514-B3328EDA7E40}.Release|Any CPU.ActiveCfg = Release|Any CPU
		{EAD48271-1B33-4DD8-9514-B3328EDA7E40}.Release|Any CPU.Build.0 = Release|Any CPU
		{48807D98-995C-467E-89F1-6EE5E631C4AE}.Debug|Any CPU.ActiveCfg = Debug|Any CPU
		{48807D98-995C-467E-89F1-6EE5E631C4AE}.Debug|Any CPU.Build.0 = Debug|Any CPU
		{48807D98-995C-467E-89F1-6EE5E631C4AE}.Release|Any CPU.ActiveCfg = Release|Any CPU
		{48807D98-995C-467E-89F1-6EE5E631C4AE}.Release|Any CPU.Build.0 = Release|Any CPU
	EndGlobalSection
	GlobalSection(SolutionProperties) = preSolution
		HideSolutionNode = FALSE
	EndGlobalSection
	GlobalSection(ExtensibilityGlobals) = postSolution
		SolutionGuid = {7093141D-7199-43B3-B655-1B7BD18DDDE5}
	EndGlobalSection
EndGlobal
